
Microsoft Visual Studio Solution File, Format Version 12.00
# Visual Studio Version 17
VisualStudioVersion = 17.2.32630.192
MinimumVisualStudioVersion = 10.0.40219.1
Project("{9A19103F-16F7-4668-BE54-9A1E7A4F7556}") = "ContosoCrafts.WebSite", "ContosoCrafts.WebSite\ContosoCrafts.WebSite.csproj", "{43CEC812-E6F1-4C32-AAF1-E15386BE201B}"
EndProject
Global
	GlobalSection(SolutionConfigurationPlatforms) = preSolution
		Debug|Any CPU = Debug|Any CPU
		Release|Any CPU = Release|Any CPU
	EndGlobalSection
	GlobalSection(ProjectConfigurationPlatforms) = postSolution
		{43CEC812-E6F1-4C32-AAF1-E15386BE201B}.Debug|Any CPU.ActiveCfg = Debug|Any CPU
		{43CEC812-E6F1-4C32-AAF1-E15386BE201B}.Debug|Any CPU.Build.0 = Debug|Any CPU
		{43CEC812-E6F1-4C32-AAF1-E15386BE201B}.Release|Any CPU.ActiveCfg = Release|Any CPU
		{43CEC812-E6F1-4C32-AAF1-E15386BE201B}.Release|Any CPU.Build.0 = Release|Any CPU
	EndGlobalSection
	GlobalSection(SolutionProperties) = preSolution
		HideSolutionNode = FALSE
	EndGlobalSection
	GlobalSection(ExtensibilityGlobals) = postSolution
		SolutionGuid = {95FB8FC8-9B5F-4249-92E8-BD60B7293149}
	EndGlobalSection
EndGlobal
